// !$*UTF8*$!
{
	archiveVersion = 1;
	classes = {
	};
	objectVersion = 56;
	objects = {

/* Begin PBXBuildFile section */
		C10C1D842959F67B00204ED7 /* PortfolioView.swift in Sources */ = {isa = PBXBuildFile; fileRef = C10C1D832959F67B00204ED7 /* PortfolioView.swift */; };
		C10C1D862959F98F00204ED7 /* XMarkButton.swift in Sources */ = {isa = PBXBuildFile; fileRef = C10C1D852959F98F00204ED7 /* XMarkButton.swift */; };
		C10C1D88295A013E00204ED7 /* CoinLogoView.swift in Sources */ = {isa = PBXBuildFile; fileRef = C10C1D87295A013E00204ED7 /* CoinLogoView.swift */; };
		C116D4AD294B06AD00E1FE6B /* CoinImageView.swift in Sources */ = {isa = PBXBuildFile; fileRef = C116D4AC294B06AD00E1FE6B /* CoinImageView.swift */; };
		C116D4AF294B08FD00E1FE6B /* CoinImageService.swift in Sources */ = {isa = PBXBuildFile; fileRef = C116D4AE294B08FD00E1FE6B /* CoinImageService.swift */; };
		C116D4B1294B0B6500E1FE6B /* CoinImageViewModel.swift in Sources */ = {isa = PBXBuildFile; fileRef = C116D4B0294B0B6500E1FE6B /* CoinImageViewModel.swift */; };
		C1299E6A295580C50018FFB1 /* MarketDataModel.swift in Sources */ = {isa = PBXBuildFile; fileRef = C1299E69295580C50018FFB1 /* MarketDataModel.swift */; };
		C1299E6C295585440018FFB1 /* MarketDataService.swift in Sources */ = {isa = PBXBuildFile; fileRef = C1299E6B295585440018FFB1 /* MarketDataService.swift */; };
		C16635BA29517ECC0053C8D4 /* SearchBarView.swift in Sources */ = {isa = PBXBuildFile; fileRef = C16635B929517ECC0053C8D4 /* SearchBarView.swift */; };
		C16635BC295183B40053C8D4 /* UIApplication.swift in Sources */ = {isa = PBXBuildFile; fileRef = C16635BB295183B40053C8D4 /* UIApplication.swift */; };
		C16635BE2951925A0053C8D4 /* StatisticModel.swift in Sources */ = {isa = PBXBuildFile; fileRef = C16635BD2951925A0053C8D4 /* StatisticModel.swift */; };
		C16635C0295193B90053C8D4 /* StatisticView.swift in Sources */ = {isa = PBXBuildFile; fileRef = C16635BF295193B90053C8D4 /* StatisticView.swift */; };
		C16635C2295198860053C8D4 /* HomeStatsView.swift in Sources */ = {isa = PBXBuildFile; fileRef = C16635C1295198860053C8D4 /* HomeStatsView.swift */; };
		C16D5831295045DF006F6502 /* LocalFileManager.swift in Sources */ = {isa = PBXBuildFile; fileRef = C16D5830295045DF006F6502 /* LocalFileManager.swift */; };
		C18597E4295D3410001743D2 /* PortfolioContainer.xcdatamodeld in Sources */ = {isa = PBXBuildFile; fileRef = C18597E2295D3410001743D2 /* PortfolioContainer.xcdatamodeld */; };
		C18597E6295D34D1001743D2 /* PortfolioDataService.swift in Sources */ = {isa = PBXBuildFile; fileRef = C18597E5295D34D1001743D2 /* PortfolioDataService.swift */; };
		C1C9B24029373740001E35F8 /* CoinModel.swift in Sources */ = {isa = PBXBuildFile; fileRef = C1C9B23F29373740001E35F8 /* CoinModel.swift */; };
		C1C9B24229377A1C001E35F8 /* CoinRowView.swift in Sources */ = {isa = PBXBuildFile; fileRef = C1C9B24129377A1C001E35F8 /* CoinRowView.swift */; };
		C1C9B24429377AA9001E35F8 /* PreviewProvider.swift in Sources */ = {isa = PBXBuildFile; fileRef = C1C9B24329377AA9001E35F8 /* PreviewProvider.swift */; };
		C1C9B24629378205001E35F8 /* Double.swift in Sources */ = {isa = PBXBuildFile; fileRef = C1C9B24529378205001E35F8 /* Double.swift */; };
		C1C9B24829384BB0001E35F8 /* HomeViewModel.swift in Sources */ = {isa = PBXBuildFile; fileRef = C1C9B24729384BB0001E35F8 /* HomeViewModel.swift */; };
		C1C9B24C2938818F001E35F8 /* CoinDataService.swift in Sources */ = {isa = PBXBuildFile; fileRef = C1C9B24B2938818F001E35F8 /* CoinDataService.swift */; };
		C1C9B24F293890ED001E35F8 /* NetworkingManager.swift in Sources */ = {isa = PBXBuildFile; fileRef = C1C9B24E293890ED001E35F8 /* NetworkingManager.swift */; };
		C1D9F19C292DFFCF00742F88 /* SwiftCryptoApp.swift in Sources */ = {isa = PBXBuildFile; fileRef = C1D9F19B292DFFCF00742F88 /* SwiftCryptoApp.swift */; };
		C1D9F19E292DFFCF00742F88 /* ContentView.swift in Sources */ = {isa = PBXBuildFile; fileRef = C1D9F19D292DFFCF00742F88 /* ContentView.swift */; };
		C1D9F1A3292DFFD000742F88 /* Preview Assets.xcassets in Resources */ = {isa = PBXBuildFile; fileRef = C1D9F1A2292DFFD000742F88 /* Preview Assets.xcassets */; };
		C1D9F1AA292E01BA00742F88 /* Assets.xcassets in Resources */ = {isa = PBXBuildFile; fileRef = C1D9F1A9292E01BA00742F88 /* Assets.xcassets */; };
		C1D9F1AD292E036B00742F88 /* Color.swift in Sources */ = {isa = PBXBuildFile; fileRef = C1D9F1AC292E036B00742F88 /* Color.swift */; };
		C1D9F1B3292E0A1900742F88 /* HomeView.swift in Sources */ = {isa = PBXBuildFile; fileRef = C1D9F1B2292E0A1900742F88 /* HomeView.swift */; };
		C1D9F1B7292E0B1000742F88 /* CircleButtonView.swift in Sources */ = {isa = PBXBuildFile; fileRef = C1D9F1B6292E0B1000742F88 /* CircleButtonView.swift */; };
		C1D9F1B9292E112C00742F88 /* CircleButtonAnimationView.swift in Sources */ = {isa = PBXBuildFile; fileRef = C1D9F1B8292E112C00742F88 /* CircleButtonAnimationView.swift */; };
/* End PBXBuildFile section */

/* Begin PBXFileReference section */
		C10C1D832959F67B00204ED7 /* PortfolioView.swift */ = {isa = PBXFileReference; lastKnownFileType = sourcecode.swift; path = PortfolioView.swift; sourceTree = "<group>"; };
		C10C1D852959F98F00204ED7 /* XMarkButton.swift */ = {isa = PBXFileReference; lastKnownFileType = sourcecode.swift; path = XMarkButton.swift; sourceTree = "<group>"; };
		C10C1D87295A013E00204ED7 /* CoinLogoView.swift */ = {isa = PBXFileReference; lastKnownFileType = sourcecode.swift; path = CoinLogoView.swift; sourceTree = "<group>"; };
		C116D4AC294B06AD00E1FE6B /* CoinImageView.swift */ = {isa = PBXFileReference; lastKnownFileType = sourcecode.swift; path = CoinImageView.swift; sourceTree = "<group>"; };
		C116D4AE294B08FD00E1FE6B /* CoinImageService.swift */ = {isa = PBXFileReference; lastKnownFileType = sourcecode.swift; path = CoinImageService.swift; sourceTree = "<group>"; };
		C116D4B0294B0B6500E1FE6B /* CoinImageViewModel.swift */ = {isa = PBXFileReference; lastKnownFileType = sourcecode.swift; path = CoinImageViewModel.swift; sourceTree = "<group>"; };
		C1299E69295580C50018FFB1 /* MarketDataModel.swift */ = {isa = PBXFileReference; lastKnownFileType = sourcecode.swift; path = MarketDataModel.swift; sourceTree = "<group>"; };
		C1299E6B295585440018FFB1 /* MarketDataService.swift */ = {isa = PBXFileReference; lastKnownFileType = sourcecode.swift; path = MarketDataService.swift; sourceTree = "<group>"; };
		C16635B929517ECC0053C8D4 /* SearchBarView.swift */ = {isa = PBXFileReference; lastKnownFileType = sourcecode.swift; path = SearchBarView.swift; sourceTree = "<group>"; };
		C16635BB295183B40053C8D4 /* UIApplication.swift */ = {isa = PBXFileReference; lastKnownFileType = sourcecode.swift; path = UIApplication.swift; sourceTree = "<group>"; };
		C16635BD2951925A0053C8D4 /* StatisticModel.swift */ = {isa = PBXFileReference; lastKnownFileType = sourcecode.swift; path = StatisticModel.swift; sourceTree = "<group>"; };
		C16635BF295193B90053C8D4 /* StatisticView.swift */ = {isa = PBXFileReference; lastKnownFileType = sourcecode.swift; path = StatisticView.swift; sourceTree = "<group>"; };
		C16635C1295198860053C8D4 /* HomeStatsView.swift */ = {isa = PBXFileReference; lastKnownFileType = sourcecode.swift; path = HomeStatsView.swift; sourceTree = "<group>"; };
		C16D5830295045DF006F6502 /* LocalFileManager.swift */ = {isa = PBXFileReference; lastKnownFileType = sourcecode.swift; path = LocalFileManager.swift; sourceTree = "<group>"; };
		C18597E3295D3410001743D2 /* PortfolioContainer.xcdatamodel */ = {isa = PBXFileReference; lastKnownFileType = wrapper.xcdatamodel; path = PortfolioContainer.xcdatamodel; sourceTree = "<group>"; };
		C18597E5295D34D1001743D2 /* PortfolioDataService.swift */ = {isa = PBXFileReference; lastKnownFileType = sourcecode.swift; path = PortfolioDataService.swift; sourceTree = "<group>"; };
		C1C9B23F29373740001E35F8 /* CoinModel.swift */ = {isa = PBXFileReference; lastKnownFileType = sourcecode.swift; path = CoinModel.swift; sourceTree = "<group>"; };
		C1C9B24129377A1C001E35F8 /* CoinRowView.swift */ = {isa = PBXFileReference; lastKnownFileType = sourcecode.swift; path = CoinRowView.swift; sourceTree = "<group>"; };
		C1C9B24329377AA9001E35F8 /* PreviewProvider.swift */ = {isa = PBXFileReference; lastKnownFileType = sourcecode.swift; path = PreviewProvider.swift; sourceTree = "<group>"; };
		C1C9B24529378205001E35F8 /* Double.swift */ = {isa = PBXFileReference; lastKnownFileType = sourcecode.swift; path = Double.swift; sourceTree = "<group>"; };
		C1C9B24729384BB0001E35F8 /* HomeViewModel.swift */ = {isa = PBXFileReference; lastKnownFileType = sourcecode.swift; path = HomeViewModel.swift; sourceTree = "<group>"; };
		C1C9B249293880B4001E35F8 /* Info.plist */ = {isa = PBXFileReference; lastKnownFileType = text.plist; path = Info.plist; sourceTree = "<group>"; };
		C1C9B24B2938818F001E35F8 /* CoinDataService.swift */ = {isa = PBXFileReference; lastKnownFileType = sourcecode.swift; path = CoinDataService.swift; sourceTree = "<group>"; };
		C1C9B24E293890ED001E35F8 /* NetworkingManager.swift */ = {isa = PBXFileReference; lastKnownFileType = sourcecode.swift; path = NetworkingManager.swift; sourceTree = "<group>"; };
		C1D9F198292DFFCF00742F88 /* SwiftCrypto.app */ = {isa = PBXFileReference; explicitFileType = wrapper.application; includeInIndex = 0; path = SwiftCrypto.app; sourceTree = BUILT_PRODUCTS_DIR; };
		C1D9F19B292DFFCF00742F88 /* SwiftCryptoApp.swift */ = {isa = PBXFileReference; lastKnownFileType = sourcecode.swift; path = SwiftCryptoApp.swift; sourceTree = "<group>"; };
		C1D9F19D292DFFCF00742F88 /* ContentView.swift */ = {isa = PBXFileReference; lastKnownFileType = sourcecode.swift; path = ContentView.swift; sourceTree = "<group>"; };
		C1D9F1A2292DFFD000742F88 /* Preview Assets.xcassets */ = {isa = PBXFileReference; lastKnownFileType = folder.assetcatalog; path = "Preview Assets.xcassets"; sourceTree = "<group>"; };
		C1D9F1A9292E01BA00742F88 /* Assets.xcassets */ = {isa = PBXFileReference; lastKnownFileType = folder.assetcatalog; name = Assets.xcassets; path = ../../../../../../../Downloads/Resources/Assets.xcassets; sourceTree = "<group>"; };
		C1D9F1AC292E036B00742F88 /* Color.swift */ = {isa = PBXFileReference; lastKnownFileType = sourcecode.swift; path = Color.swift; sourceTree = "<group>"; };
		C1D9F1B2292E0A1900742F88 /* HomeView.swift */ = {isa = PBXFileReference; lastKnownFileType = sourcecode.swift; path = HomeView.swift; sourceTree = "<group>"; };
		C1D9F1B6292E0B1000742F88 /* CircleButtonView.swift */ = {isa = PBXFileReference; lastKnownFileType = sourcecode.swift; path = CircleButtonView.swift; sourceTree = "<group>"; };
		C1D9F1B8292E112C00742F88 /* CircleButtonAnimationView.swift */ = {isa = PBXFileReference; lastKnownFileType = sourcecode.swift; path = CircleButtonAnimationView.swift; sourceTree = "<group>"; };
/* End PBXFileReference section */

/* Begin PBXFrameworksBuildPhase section */
		C1D9F195292DFFCF00742F88 /* Frameworks */ = {
			isa = PBXFrameworksBuildPhase;
			buildActionMask = 2147483647;
			files = (
			);
			runOnlyForDeploymentPostprocessing = 0;
		};
/* End PBXFrameworksBuildPhase section */

/* Begin PBXGroup section */
		C116D4AB294B067300E1FE6B /* CoinImage */ = {
			isa = PBXGroup;
			children = (
				C116D4AC294B06AD00E1FE6B /* CoinImageView.swift */,
				C116D4B0294B0B6500E1FE6B /* CoinImageViewModel.swift */,
				C10C1D87295A013E00204ED7 /* CoinLogoView.swift */,
			);
			path = CoinImage;
			sourceTree = "<group>";
		};
		C1C9B23E2937371C001E35F8 /* Models */ = {
			isa = PBXGroup;
			children = (
				C1C9B23F29373740001E35F8 /* CoinModel.swift */,
				C16635BD2951925A0053C8D4 /* StatisticModel.swift */,
				C1299E69295580C50018FFB1 /* MarketDataModel.swift */,
				C18597E2295D3410001743D2 /* PortfolioContainer.xcdatamodeld */,
			);
			path = Models;
			sourceTree = "<group>";
		};
		C1C9B24A29388163001E35F8 /* Services */ = {
			isa = PBXGroup;
			children = (
				C1C9B24B2938818F001E35F8 /* CoinDataService.swift */,
				C18597E5295D34D1001743D2 /* PortfolioDataService.swift */,
				C116D4AE294B08FD00E1FE6B /* CoinImageService.swift */,
				C1299E6B295585440018FFB1 /* MarketDataService.swift */,
			);
			path = Services;
			sourceTree = "<group>";
		};
		C1C9B24D2938908A001E35F8 /* Utilities */ = {
			isa = PBXGroup;
			children = (
				C1C9B24E293890ED001E35F8 /* NetworkingManager.swift */,
				C16D5830295045DF006F6502 /* LocalFileManager.swift */,
			);
			path = Utilities;
			sourceTree = "<group>";
		};
		C1D9F18F292DFFCF00742F88 = {
			isa = PBXGroup;
			children = (
				C1D9F19A292DFFCF00742F88 /* SwiftCrypto */,
				C1D9F199292DFFCF00742F88 /* Products */,
			);
			sourceTree = "<group>";
		};
		C1D9F199292DFFCF00742F88 /* Products */ = {
			isa = PBXGroup;
			children = (
				C1D9F198292DFFCF00742F88 /* SwiftCrypto.app */,
			);
			name = Products;
			sourceTree = "<group>";
		};
		C1D9F19A292DFFCF00742F88 /* SwiftCrypto */ = {
			isa = PBXGroup;
			children = (
				C1C9B249293880B4001E35F8 /* Info.plist */,
				C1D9F19B292DFFCF00742F88 /* SwiftCryptoApp.swift */,
				C1D9F19D292DFFCF00742F88 /* ContentView.swift */,
				C1C9B24D2938908A001E35F8 /* Utilities */,
				C1C9B24A29388163001E35F8 /* Services */,
				C1D9F1AB292E035000742F88 /* Extensions */,
				C1C9B23E2937371C001E35F8 /* Models */,
				C1D9F1AE292E09D600742F88 /* Core */,
				C1D9F1A9292E01BA00742F88 /* Assets.xcassets */,
				C1D9F1A1292DFFD000742F88 /* Preview Content */,
			);
			path = SwiftCrypto;
			sourceTree = "<group>";
		};
		C1D9F1A1292DFFD000742F88 /* Preview Content */ = {
			isa = PBXGroup;
			children = (
				C1D9F1A2292DFFD000742F88 /* Preview Assets.xcassets */,
			);
			path = "Preview Content";
			sourceTree = "<group>";
		};
		C1D9F1AB292E035000742F88 /* Extensions */ = {
			isa = PBXGroup;
			children = (
				C1D9F1AC292E036B00742F88 /* Color.swift */,
				C1C9B24329377AA9001E35F8 /* PreviewProvider.swift */,
				C1C9B24529378205001E35F8 /* Double.swift */,
				C16635BB295183B40053C8D4 /* UIApplication.swift */,
			);
			path = Extensions;
			sourceTree = "<group>";
		};
		C1D9F1AE292E09D600742F88 /* Core */ = {
			isa = PBXGroup;
			children = (
				C1D9F1B4292E0AD900742F88 /* Components */,
				C1D9F1AF292E09E600742F88 /* Home */,
			);
			path = Core;
			sourceTree = "<group>";
		};
		C1D9F1AF292E09E600742F88 /* Home */ = {
			isa = PBXGroup;
			children = (
				C1D9F1B1292E09FA00742F88 /* ViewModels */,
				C1D9F1B0292E09F200742F88 /* Views */,
			);
			path = Home;
			sourceTree = "<group>";
		};
		C1D9F1B0292E09F200742F88 /* Views */ = {
			isa = PBXGroup;
			children = (
				C1D9F1B2292E0A1900742F88 /* HomeView.swift */,
				C10C1D832959F67B00204ED7 /* PortfolioView.swift */,
				C16635C1295198860053C8D4 /* HomeStatsView.swift */,
				C1C9B24129377A1C001E35F8 /* CoinRowView.swift */,
			);
			path = Views;
			sourceTree = "<group>";
		};
		C1D9F1B1292E09FA00742F88 /* ViewModels */ = {
			isa = PBXGroup;
			children = (
				C1C9B24729384BB0001E35F8 /* HomeViewModel.swift */,
			);
			path = ViewModels;
			sourceTree = "<group>";
		};
		C1D9F1B4292E0AD900742F88 /* Components */ = {
			isa = PBXGroup;
			children = (
				C116D4AB294B067300E1FE6B /* CoinImage */,
				C1D9F1B5292E0AED00742F88 /* CircleButton */,
				C16635B929517ECC0053C8D4 /* SearchBarView.swift */,
				C16635BF295193B90053C8D4 /* StatisticView.swift */,
				C10C1D852959F98F00204ED7 /* XMarkButton.swift */,
			);
			path = Components;
			sourceTree = "<group>";
		};
		C1D9F1B5292E0AED00742F88 /* CircleButton */ = {
			isa = PBXGroup;
			children = (
				C1D9F1B6292E0B1000742F88 /* CircleButtonView.swift */,
				C1D9F1B8292E112C00742F88 /* CircleButtonAnimationView.swift */,
			);
			path = CircleButton;
			sourceTree = "<group>";
		};
/* End PBXGroup section */

/* Begin PBXNativeTarget section */
		C1D9F197292DFFCF00742F88 /* SwiftCrypto */ = {
			isa = PBXNativeTarget;
			buildConfigurationList = C1D9F1A6292DFFD000742F88 /* Build configuration list for PBXNativeTarget "SwiftCrypto" */;
			buildPhases = (
				C1D9F194292DFFCF00742F88 /* Sources */,
				C1D9F195292DFFCF00742F88 /* Frameworks */,
				C1D9F196292DFFCF00742F88 /* Resources */,
			);
			buildRules = (
			);
			dependencies = (
			);
			name = SwiftCrypto;
			productName = SwiftCrypto;
			productReference = C1D9F198292DFFCF00742F88 /* SwiftCrypto.app */;
			productType = "com.apple.product-type.application";
		};
/* End PBXNativeTarget section */

/* Begin PBXProject section */
		C1D9F190292DFFCF00742F88 /* Project object */ = {
			isa = PBXProject;
			attributes = {
				BuildIndependentTargetsInParallel = 1;
				LastSwiftUpdateCheck = 1410;
				LastUpgradeCheck = 1410;
				TargetAttributes = {
					C1D9F197292DFFCF00742F88 = {
						CreatedOnToolsVersion = 14.1;
					};
				};
			};
			buildConfigurationList = C1D9F193292DFFCF00742F88 /* Build configuration list for PBXProject "SwiftCrypto" */;
			compatibilityVersion = "Xcode 14.0";
			developmentRegion = en;
			hasScannedForEncodings = 0;
			knownRegions = (
				en,
				Base,
			);
			mainGroup = C1D9F18F292DFFCF00742F88;
			productRefGroup = C1D9F199292DFFCF00742F88 /* Products */;
			projectDirPath = "";
			projectRoot = "";
			targets = (
				C1D9F197292DFFCF00742F88 /* SwiftCrypto */,
			);
		};
/* End PBXProject section */

/* Begin PBXResourcesBuildPhase section */
		C1D9F196292DFFCF00742F88 /* Resources */ = {
			isa = PBXResourcesBuildPhase;
			buildActionMask = 2147483647;
			files = (
				C1D9F1A3292DFFD000742F88 /* Preview Assets.xcassets in Resources */,
				C1D9F1AA292E01BA00742F88 /* Assets.xcassets in Resources */,
			);
			runOnlyForDeploymentPostprocessing = 0;
		};
/* End PBXResourcesBuildPhase section */

/* Begin PBXSourcesBuildPhase section */
		C1D9F194292DFFCF00742F88 /* Sources */ = {
			isa = PBXSourcesBuildPhase;
			buildActionMask = 2147483647;
			files = (
				C18597E4295D3410001743D2 /* PortfolioContainer.xcdatamodeld in Sources */,
				C16635BE2951925A0053C8D4 /* StatisticModel.swift in Sources */,
				C1C9B24C2938818F001E35F8 /* CoinDataService.swift in Sources */,
				C1C9B24229377A1C001E35F8 /* CoinRowView.swift in Sources */,
				C10C1D862959F98F00204ED7 /* XMarkButton.swift in Sources */,
				C1C9B24829384BB0001E35F8 /* HomeViewModel.swift in Sources */,
				C1D9F19E292DFFCF00742F88 /* ContentView.swift in Sources */,
				C1D9F1B3292E0A1900742F88 /* HomeView.swift in Sources */,
				C1299E6A295580C50018FFB1 /* MarketDataModel.swift in Sources */,
				C116D4AD294B06AD00E1FE6B /* CoinImageView.swift in Sources */,
				C16635C0295193B90053C8D4 /* StatisticView.swift in Sources */,
				C1D9F19C292DFFCF00742F88 /* SwiftCryptoApp.swift in Sources */,
				C1D9F1B7292E0B1000742F88 /* CircleButtonView.swift in Sources */,
				C16635BC295183B40053C8D4 /* UIApplication.swift in Sources */,
				C16D5831295045DF006F6502 /* LocalFileManager.swift in Sources */,
				C1D9F1AD292E036B00742F88 /* Color.swift in Sources */,
				C16635BA29517ECC0053C8D4 /* SearchBarView.swift in Sources */,
				C1C9B24F293890ED001E35F8 /* NetworkingManager.swift in Sources */,
				C10C1D88295A013E00204ED7 /* CoinLogoView.swift in Sources */,
				C16635C2295198860053C8D4 /* HomeStatsView.swift in Sources */,
				C1299E6C295585440018FFB1 /* MarketDataService.swift in Sources */,
				C1D9F1B9292E112C00742F88 /* CircleButtonAnimationView.swift in Sources */,
				C116D4B1294B0B6500E1FE6B /* CoinImageViewModel.swift in Sources */,
				C1C9B24429377AA9001E35F8 /* PreviewProvider.swift in Sources */,
				C10C1D842959F67B00204ED7 /* PortfolioView.swift in Sources */,
				C1C9B24629378205001E35F8 /* Double.swift in Sources */,
				C116D4AF294B08FD00E1FE6B /* CoinImageService.swift in Sources */,
				C1C9B24029373740001E35F8 /* CoinModel.swift in Sources */,
				C18597E6295D34D1001743D2 /* PortfolioDataService.swift in Sources */,
			);
			runOnlyForDeploymentPostprocessing = 0;
		};
/* End PBXSourcesBuildPhase section */

/* Begin XCBuildConfiguration section */
		C1D9F1A4292DFFD000742F88 /* Debug */ = {
			isa = XCBuildConfiguration;
			buildSettings = {
				ALWAYS_SEARCH_USER_PATHS = NO;
				CLANG_ANALYZER_NONNULL = YES;
				CLANG_ANALYZER_NUMBER_OBJECT_CONVERSION = YES_AGGRESSIVE;
				CLANG_CXX_LANGUAGE_STANDARD = "gnu++20";
				CLANG_ENABLE_MODULES = YES;
				CLANG_ENABLE_OBJC_ARC = YES;
				CLANG_ENABLE_OBJC_WEAK = YES;
				CLANG_WARN_BLOCK_CAPTURE_AUTORELEASING = YES;
				CLANG_WARN_BOOL_CONVERSION = YES;
				CLANG_WARN_COMMA = YES;
				CLANG_WARN_CONSTANT_CONVERSION = YES;
				CLANG_WARN_DEPRECATED_OBJC_IMPLEMENTATIONS = YES;
				CLANG_WARN_DIRECT_OBJC_ISA_USAGE = YES_ERROR;
				CLANG_WARN_DOCUMENTATION_COMMENTS = YES;
				CLANG_WARN_EMPTY_BODY = YES;
				CLANG_WARN_ENUM_CONVERSION = YES;
				CLANG_WARN_INFINITE_RECURSION = YES;
				CLANG_WARN_INT_CONVERSION = YES;
				CLANG_WARN_NON_LITERAL_NULL_CONVERSION = YES;
				CLANG_WARN_OBJC_IMPLICIT_RETAIN_SELF = YES;
				CLANG_WARN_OBJC_LITERAL_CONVERSION = YES;
				CLANG_WARN_OBJC_ROOT_CLASS = YES_ERROR;
				CLANG_WARN_QUOTED_INCLUDE_IN_FRAMEWORK_HEADER = YES;
				CLANG_WARN_RANGE_LOOP_ANALYSIS = YES;
				CLANG_WARN_STRICT_PROTOTYPES = YES;
				CLANG_WARN_SUSPICIOUS_MOVE = YES;
				CLANG_WARN_UNGUARDED_AVAILABILITY = YES_AGGRESSIVE;
				CLANG_WARN_UNREACHABLE_CODE = YES;
				CLANG_WARN__DUPLICATE_METHOD_MATCH = YES;
				COPY_PHASE_STRIP = NO;
				DEBUG_INFORMATION_FORMAT = dwarf;
				ENABLE_STRICT_OBJC_MSGSEND = YES;
				ENABLE_TESTABILITY = YES;
				GCC_C_LANGUAGE_STANDARD = gnu11;
				GCC_DYNAMIC_NO_PIC = NO;
				GCC_NO_COMMON_BLOCKS = YES;
				GCC_OPTIMIZATION_LEVEL = 0;
				GCC_PREPROCESSOR_DEFINITIONS = (
					"DEBUG=1",
					"$(inherited)",
				);
				GCC_WARN_64_TO_32_BIT_CONVERSION = YES;
				GCC_WARN_ABOUT_RETURN_TYPE = YES_ERROR;
				GCC_WARN_UNDECLARED_SELECTOR = YES;
				GCC_WARN_UNINITIALIZED_AUTOS = YES_AGGRESSIVE;
				GCC_WARN_UNUSED_FUNCTION = YES;
				GCC_WARN_UNUSED_VARIABLE = YES;
				IPHONEOS_DEPLOYMENT_TARGET = 16.1;
				MTL_ENABLE_DEBUG_INFO = INCLUDE_SOURCE;
				MTL_FAST_MATH = YES;
				ONLY_ACTIVE_ARCH = YES;
				SDKROOT = iphoneos;
				SWIFT_ACTIVE_COMPILATION_CONDITIONS = DEBUG;
				SWIFT_OPTIMIZATION_LEVEL = "-Onone";
			};
			name = Debug;
		};
		C1D9F1A5292DFFD000742F88 /* Release */ = {
			isa = XCBuildConfiguration;
			buildSettings = {
				ALWAYS_SEARCH_USER_PATHS = NO;
				CLANG_ANALYZER_NONNULL = YES;
				CLANG_ANALYZER_NUMBER_OBJECT_CONVERSION = YES_AGGRESSIVE;
				CLANG_CXX_LANGUAGE_STANDARD = "gnu++20";
				CLANG_ENABLE_MODULES = YES;
				CLANG_ENABLE_OBJC_ARC = YES;
				CLANG_ENABLE_OBJC_WEAK = YES;
				CLANG_WARN_BLOCK_CAPTURE_AUTORELEASING = YES;
				CLANG_WARN_BOOL_CONVERSION = YES;
				CLANG_WARN_COMMA = YES;
				CLANG_WARN_CONSTANT_CONVERSION = YES;
				CLANG_WARN_DEPRECATED_OBJC_IMPLEMENTATIONS = YES;
				CLANG_WARN_DIRECT_OBJC_ISA_USAGE = YES_ERROR;
				CLANG_WARN_DOCUMENTATION_COMMENTS = YES;
				CLANG_WARN_EMPTY_BODY = YES;
				CLANG_WARN_ENUM_CONVERSION = YES;
				CLANG_WARN_INFINITE_RECURSION = YES;
				CLANG_WARN_INT_CONVERSION = YES;
				CLANG_WARN_NON_LITERAL_NULL_CONVERSION = YES;
				CLANG_WARN_OBJC_IMPLICIT_RETAIN_SELF = YES;
				CLANG_WARN_OBJC_LITERAL_CONVERSION = YES;
				CLANG_WARN_OBJC_ROOT_CLASS = YES_ERROR;
				CLANG_WARN_QUOTED_INCLUDE_IN_FRAMEWORK_HEADER = YES;
				CLANG_WARN_RANGE_LOOP_ANALYSIS = YES;
				CLANG_WARN_STRICT_PROTOTYPES = YES;
				CLANG_WARN_SUSPICIOUS_MOVE = YES;
				CLANG_WARN_UNGUARDED_AVAILABILITY = YES_AGGRESSIVE;
				CLANG_WARN_UNREACHABLE_CODE = YES;
				CLANG_WARN__DUPLICATE_METHOD_MATCH = YES;
				COPY_PHASE_STRIP = NO;
				DEBUG_INFORMATION_FORMAT = "dwarf-with-dsym";
				ENABLE_NS_ASSERTIONS = NO;
				ENABLE_STRICT_OBJC_MSGSEND = YES;
				GCC_C_LANGUAGE_STANDARD = gnu11;
				GCC_NO_COMMON_BLOCKS = YES;
				GCC_WARN_64_TO_32_BIT_CONVERSION = YES;
				GCC_WARN_ABOUT_RETURN_TYPE = YES_ERROR;
				GCC_WARN_UNDECLARED_SELECTOR = YES;
				GCC_WARN_UNINITIALIZED_AUTOS = YES_AGGRESSIVE;
				GCC_WARN_UNUSED_FUNCTION = YES;
				GCC_WARN_UNUSED_VARIABLE = YES;
				IPHONEOS_DEPLOYMENT_TARGET = 16.1;
				MTL_ENABLE_DEBUG_INFO = NO;
				MTL_FAST_MATH = YES;
				SDKROOT = iphoneos;
				SWIFT_COMPILATION_MODE = wholemodule;
				SWIFT_OPTIMIZATION_LEVEL = "-O";
				VALIDATE_PRODUCT = YES;
			};
			name = Release;
		};
		C1D9F1A7292DFFD000742F88 /* Debug */ = {
			isa = XCBuildConfiguration;
			buildSettings = {
				ASSETCATALOG_COMPILER_APPICON_NAME = AppIcon;
				ASSETCATALOG_COMPILER_GLOBAL_ACCENT_COLOR_NAME = AccentColor;
				CODE_SIGN_STYLE = Automatic;
				CURRENT_PROJECT_VERSION = 1;
				DEVELOPMENT_ASSET_PATHS = "\"SwiftCrypto/Preview Content\"";
				DEVELOPMENT_TEAM = 4836KR52L9;
				ENABLE_PREVIEWS = YES;
				GENERATE_INFOPLIST_FILE = YES;
				INFOPLIST_FILE = SwiftCrypto/Info.plist;
				INFOPLIST_KEY_CFBundleDisplayName = "Crypto Tracker";
				INFOPLIST_KEY_UIApplicationSceneManifest_Generation = YES;
				INFOPLIST_KEY_UIApplicationSupportsIndirectInputEvents = YES;
				INFOPLIST_KEY_UILaunchScreen_Generation = YES;
				INFOPLIST_KEY_UISupportedInterfaceOrientations = UIInterfaceOrientationPortrait;
				INFOPLIST_KEY_UISupportedInterfaceOrientations_iPad = "UIInterfaceOrientationLandscapeLeft UIInterfaceOrientationLandscapeRight UIInterfaceOrientationPortrait UIInterfaceOrientationPortraitUpsideDown";
				LD_RUNPATH_SEARCH_PATHS = (
					"$(inherited)",
					"@executable_path/Frameworks",
				);
				MARKETING_VERSION = 1.0;
				PRODUCT_BUNDLE_IDENTIFIER = com.pucknavin.SwiftCrypto;
				PRODUCT_NAME = "$(TARGET_NAME)";
				SWIFT_EMIT_LOC_STRINGS = YES;
				SWIFT_VERSION = 5.0;
				TARGETED_DEVICE_FAMILY = "1,2";
			};
			name = Debug;
		};
		C1D9F1A8292DFFD000742F88 /* Release */ = {
			isa = XCBuildConfiguration;
			buildSettings = {
				ASSETCATALOG_COMPILER_APPICON_NAME = AppIcon;
				ASSETCATALOG_COMPILER_GLOBAL_ACCENT_COLOR_NAME = AccentColor;
				CODE_SIGN_STYLE = Automatic;
				CURRENT_PROJECT_VERSION = 1;
				DEVELOPMENT_ASSET_PATHS = "\"SwiftCrypto/Preview Content\"";
				DEVELOPMENT_TEAM = 4836KR52L9;
				ENABLE_PREVIEWS = YES;
				GENERATE_INFOPLIST_FILE = YES;
				INFOPLIST_FILE = SwiftCrypto/Info.plist;
				INFOPLIST_KEY_CFBundleDisplayName = "Crypto Tracker";
				INFOPLIST_KEY_UIApplicationSceneManifest_Generation = YES;
				INFOPLIST_KEY_UIApplicationSupportsIndirectInputEvents = YES;
				INFOPLIST_KEY_UILaunchScreen_Generation = YES;
				INFOPLIST_KEY_UISupportedInterfaceOrientations = UIInterfaceOrientationPortrait;
				INFOPLIST_KEY_UISupportedInterfaceOrientations_iPad = "UIInterfaceOrientationLandscapeLeft UIInterfaceOrientationLandscapeRight UIInterfaceOrientationPortrait UIInterfaceOrientationPortraitUpsideDown";
				LD_RUNPATH_SEARCH_PATHS = (
					"$(inherited)",
					"@executable_path/Frameworks",
				);
				MARKETING_VERSION = 1.0;
				PRODUCT_BUNDLE_IDENTIFIER = com.pucknavin.SwiftCrypto;
				PRODUCT_NAME = "$(TARGET_NAME)";
				SWIFT_EMIT_LOC_STRINGS = YES;
				SWIFT_VERSION = 5.0;
				TARGETED_DEVICE_FAMILY = "1,2";
			};
			name = Release;
		};
/* End XCBuildConfiguration section */

/* Begin XCConfigurationList section */
		C1D9F193292DFFCF00742F88 /* Build configuration list for PBXProject "SwiftCrypto" */ = {
			isa = XCConfigurationList;
			buildConfigurations = (
				C1D9F1A4292DFFD000742F88 /* Debug */,
				C1D9F1A5292DFFD000742F88 /* Release */,
			);
			defaultConfigurationIsVisible = 0;
			defaultConfigurationName = Release;
		};
		C1D9F1A6292DFFD000742F88 /* Build configuration list for PBXNativeTarget "SwiftCrypto" */ = {
			isa = XCConfigurationList;
			buildConfigurations = (
				C1D9F1A7292DFFD000742F88 /* Debug */,
				C1D9F1A8292DFFD000742F88 /* Release */,
			);
			defaultConfigurationIsVisible = 0;
			defaultConfigurationName = Release;
		};
/* End XCConfigurationList section */

/* Begin XCVersionGroup section */
		C18597E2295D3410001743D2 /* PortfolioContainer.xcdatamodeld */ = {
			isa = XCVersionGroup;
			children = (
				C18597E3295D3410001743D2 /* PortfolioContainer.xcdatamodel */,
			);
			currentVersion = C18597E3295D3410001743D2 /* PortfolioContainer.xcdatamodel */;
			path = PortfolioContainer.xcdatamodeld;
			sourceTree = "<group>";
			versionGroupType = wrapper.xcdatamodel;
		};
/* End XCVersionGroup section */
	};
	rootObject = C1D9F190292DFFCF00742F88 /* Project object */;
}
